
Microsoft Visual Studio Solution File, Format Version 12.00
# Visual Studio Version 16
VisualStudioVersion = 16.0.29215.179
MinimumVisualStudioVersion = 10.0.40219.1
Project("{FAE04EC0-301F-11D3-BF4B-00C04F79EFBC}") = "Mod1_Lab2", "Mod1_Lab2.csproj", "{3E214001-B50B-4555-81E1-8C51F729E8F5}"
EndProject
Global
	GlobalSection(SolutionConfigurationPlatforms) = preSolution
		Debug|Any CPU = Debug|Any CPU
		Release|Any CPU = Release|Any CPU
	EndGlobalSection
	GlobalSection(ProjectConfigurationPlatforms) = postSolution
		{3E214001-B50B-4555-81E1-8C51F729E8F5}.Debug|Any CPU.ActiveCfg = Debug|Any CPU
		{3E214001-B50B-4555-81E1-8C51F729E8F5}.Debug|Any CPU.Build.0 = Debug|Any CPU
		{3E214001-B50B-4555-81E1-8C51F729E8F5}.Release|Any CPU.ActiveCfg = Release|Any CPU
		{3E214001-B50B-4555-81E1-8C51F729E8F5}.Release|Any CPU.Build.0 = Release|Any CPU
	EndGlobalSection
	GlobalSection(SolutionProperties) = preSolution
		HideSolutionNode = FALSE
	EndGlobalSection
	GlobalSection(ExtensibilityGlobals) = postSolution
		SolutionGuid = {54955BFC-6E4B-45AF-829B-815680906685}
	EndGlobalSection
EndGlobal
